
Microsoft Visual Studio Solution File, Format Version 12.00
# Visual Studio Version 17
VisualStudioVersion = 17.0.31919.166
MinimumVisualStudioVersion = 10.0.40219.1
Project("{8BC9CEB8-8B4A-11D0-8D11-00A0C91BC942}") = "StingyKnight", "StingyKnight\StingyKnight.vcxproj", "{825B6592-A50E-4E16-8DA6-16BF4E03372D}"
EndProject
Global
	GlobalSection(SolutionConfigurationPlatforms) = preSolution
		Debug|x64 = Debug|x64
		Debug|x86 = Debug|x86
		Release|x64 = Release|x64
		Release|x86 = Release|x86
	EndGlobalSection
	GlobalSection(ProjectConfigurationPlatforms) = postSolution
		{825B6592-A50E-4E16-8DA6-16BF4E03372D}.Debug|x64.ActiveCfg = Debug|x64
		{825B6592-A50E-4E16-8DA6-16BF4E03372D}.Debug|x64.Build.0 = Debug|x64
		{825B6592-A50E-4E16-8DA6-16BF4E03372D}.Debug|x86.ActiveCfg = Debug|Win32
		{825B6592-A50E-4E16-8DA6-16BF4E03372D}.Debug|x86.Build.0 = Debug|Win32
		{825B6592-A50E-4E16-8DA6-16BF4E03372D}.Release|x64.ActiveCfg = Release|x64
		{825B6592-A50E-4E16-8DA6-16BF4E03372D}.Release|x64.Build.0 = Release|x64
		{825B6592-A50E-4E16-8DA6-16BF4E03372D}.Release|x86.ActiveCfg = Release|Win32
		{825B6592-A50E-4E16-8DA6-16BF4E03372D}.Release|x86.Build.0 = Release|Win32
	EndGlobalSection
	GlobalSection(SolutionProperties) = preSolution
		HideSolutionNode = FALSE
	EndGlobalSection
	GlobalSection(ExtensibilityGlobals) = postSolution
		SolutionGuid = {AD60F797-0954-4554-ACBF-C3D16464BAE2}
	EndGlobalSection
EndGlobal
